
Microsoft Visual Studio Solution File, Format Version 12.00
# Visual Studio 14
VisualStudioVersion = 14.0.25420.1
MinimumVisualStudioVersion = 10.0.40219.1
Project("{FAE04EC0-301F-11D3-BF4B-00C04F79EFBC}") = "KMS_Active", "KMS_Active\KMS_Active.csproj", "{AAE0FFBA-7566-433D-8DE5-7B841EB79530}"
EndProject
Global
	GlobalSection(SolutionConfigurationPlatforms) = preSolution
		Debug|Any CPU = Debug|Any CPU
		Release|Any CPU = Release|Any CPU
	EndGlobalSection
	GlobalSection(ProjectConfigurationPlatforms) = postSolution
		{AAE0FFBA-7566-433D-8DE5-7B841EB79530}.Debug|Any CPU.ActiveCfg = Debug|Any CPU
		{AAE0FFBA-7566-433D-8DE5-7B841EB79530}.Debug|Any CPU.Build.0 = Debug|Any CPU
		{AAE0FFBA-7566-433D-8DE5-7B841EB79530}.Release|Any CPU.ActiveCfg = Release|Any CPU
		{AAE0FFBA-7566-433D-8DE5-7B841EB79530}.Release|Any CPU.Build.0 = Release|Any CPU
	EndGlobalSection
	GlobalSection(SolutionProperties) = preSolution
		HideSolutionNode = FALSE
	EndGlobalSection
EndGlobal
